
Microsoft Visual Studio Solution File, Format Version 12.00
# Visual Studio 2013
VisualStudioVersion = 12.0.31101.0
MinimumVisualStudioVersion = 10.0.40219.1
Project("{2150E333-8FDC-42A3-9474-1A3956D46DE8}") = "Views", "Views", "{16610D41-9B60-4142-A05B-6195D07ADE2A}"
EndProject
Project("{D954291E-2A0B-460D-934E-DC6B0785DB48}") = "GitHub.Shared", "GitHub\GitHub.Shared\GitHub.Shared.shproj", "{FB5FAB71-7D22-4BBB-8EF6-68D71653DA4E}"
EndProject
Project("{FAE04EC0-301F-11D3-BF4B-00C04F79EFBC}") = "GitHub.Windows", "GitHub\GitHub.Windows\GitHub.Windows.csproj", "{ECF0C453-5632-4E02-9F37-A21663EEAA07}"
EndProject
Project("{FAE04EC0-301F-11D3-BF4B-00C04F79EFBC}") = "GitHub.WindowsPhone", "GitHub\GitHub.WindowsPhone\GitHub.WindowsPhone.csproj", "{487B4572-5060-434D-B675-1200DB6686EC}"
EndProject
Project("{2150E333-8FDC-42A3-9474-1A3956D46DE8}") = "Shared", "Shared", "{D217CA0A-F26E-4FA2-A4ED-79DDE7EA187E}"
EndProject
Project("{FAE04EC0-301F-11D3-BF4B-00C04F79EFBC}") = "GitHub.Services", "GitHub.Services\GitHub.Services.csproj", "{25ACAB6D-39C5-4251-A3A9-3EC15C83954C}"
EndProject
Project("{FAE04EC0-301F-11D3-BF4B-00C04F79EFBC}") = "GitHub.Tasks.Windows", "GitHub.Tasks.Windows\GitHub.Tasks.Windows.csproj", "{152EEC02-C87F-4FF2-A9D2-260297E31496}"
EndProject
Project("{FAE04EC0-301F-11D3-BF4B-00C04F79EFBC}") = "GitHub.Converters", "GitHub.Converters\GitHub.Converters.csproj", "{2BB646A2-4989-4E70-9E09-3B1F42B380E3}"
EndProject
Project("{FAE04EC0-301F-11D3-BF4B-00C04F79EFBC}") = "GitHub.Tasks.WindowsPhone", "GitHub.Tasks.WindowsPhone\GitHub.Tasks.WindowsPhone.csproj", "{A7F16851-7242-40AA-919B-F0782B5F17FF}"
EndProject
Project("{2150E333-8FDC-42A3-9474-1A3956D46DE8}") = ".nuget", ".nuget", "{B8B2E59C-5344-487A-911A-627F747E632C}"
	ProjectSection(SolutionItems) = preProject
		.nuget\NuGet.Config = .nuget\NuGet.Config
		.nuget\NuGet.exe = .nuget\NuGet.exe
		.nuget\NuGet.targets = .nuget\NuGet.targets
	EndProjectSection
EndProject
Global
	GlobalSection(SharedMSBuildProjectFiles) = preSolution
		GitHub\GitHub.Shared\GitHub.Shared.projitems*{fb5fab71-7d22-4bbb-8ef6-68d71653da4e}*SharedItemsImports = 13
		GitHub\GitHub.Shared\GitHub.Shared.projitems*{487b4572-5060-434d-b675-1200db6686ec}*SharedItemsImports = 4
		GitHub\GitHub.Shared\GitHub.Shared.projitems*{ecf0c453-5632-4e02-9f37-a21663eeaa07}*SharedItemsImports = 4
	EndGlobalSection
	GlobalSection(SolutionConfigurationPlatforms) = preSolution
		Debug|Any CPU = Debug|Any CPU
		Debug|ARM = Debug|ARM
		Debug|x64 = Debug|x64
		Debug|x86 = Debug|x86
		Release|Any CPU = Release|Any CPU
		Release|ARM = Release|ARM
		Release|x64 = Release|x64
		Release|x86 = Release|x86
	EndGlobalSection
	GlobalSection(ProjectConfigurationPlatforms) = postSolution
		{ECF0C453-5632-4E02-9F37-A21663EEAA07}.Debug|Any CPU.ActiveCfg = Debug|Any CPU
		{ECF0C453-5632-4E02-9F37-A21663EEAA07}.Debug|Any CPU.Build.0 = Debug|Any CPU
		{ECF0C453-5632-4E02-9F37-A21663EEAA07}.Debug|Any CPU.Deploy.0 = Debug|Any CPU
		{ECF0C453-5632-4E02-9F37-A21663EEAA07}.Debug|ARM.ActiveCfg = Debug|ARM
		{ECF0C453-5632-4E02-9F37-A21663EEAA07}.Debug|ARM.Build.0 = Debug|ARM
		{ECF0C453-5632-4E02-9F37-A21663EEAA07}.Debug|ARM.Deploy.0 = Debug|ARM
		{ECF0C453-5632-4E02-9F37-A21663EEAA07}.Debug|x64.ActiveCfg = Debug|x64
		{ECF0C453-5632-4E02-9F37-A21663EEAA07}.Debug|x64.Build.0 = Debug|x64
		{ECF0C453-5632-4E02-9F37-A21663EEAA07}.Debug|x64.Deploy.0 = Debug|x64
		{ECF0C453-5632-4E02-9F37-A21663EEAA07}.Debug|x86.ActiveCfg = Debug|x86
		{ECF0C453-5632-4E02-9F37-A21663EEAA07}.Debug|x86.Build.0 = Debug|x86
		{ECF0C453-5632-4E02-9F37-A21663EEAA07}.Debug|x86.Deploy.0 = Debug|x86
		{ECF0C453-5632-4E02-9F37-A21663EEAA07}.Release|Any CPU.ActiveCfg = Release|Any CPU
		{ECF0C453-5632-4E02-9F37-A21663EEAA07}.Release|Any CPU.Build.0 = Release|Any CPU
		{ECF0C453-5632-4E02-9F37-A21663EEAA07}.Release|Any CPU.Deploy.0 = Release|Any CPU
		{ECF0C453-5632-4E02-9F37-A21663EEAA07}.Release|ARM.ActiveCfg = Release|ARM
		{ECF0C453-5632-4E02-9F37-A21663EEAA07}.Release|ARM.Build.0 = Release|ARM
		{ECF0C453-5632-4E02-9F37-A21663EEAA07}.Release|ARM.Deploy.0 = Release|ARM
		{ECF0C453-5632-4E02-9F37-A21663EEAA07}.Release|x64.ActiveCfg = Release|x64
		{ECF0C453-5632-4E02-9F37-A21663EEAA07}.Release|x64.Build.0 = Release|x64
		{ECF0C453-5632-4E02-9F37-A21663EEAA07}.Release|x64.Deploy.0 = Release|x64
		{ECF0C453-5632-4E02-9F37-A21663EEAA07}.Release|x86.ActiveCfg = Release|x86
		{ECF0C453-5632-4E02-9F37-A21663EEAA07}.Release|x86.Build.0 = Release|x86
		{ECF0C453-5632-4E02-9F37-A21663EEAA07}.Release|x86.Deploy.0 = Release|x86
		{487B4572-5060-434D-B675-1200DB6686EC}.Debug|Any CPU.ActiveCfg = Debug|Any CPU
		{487B4572-5060-434D-B675-1200DB6686EC}.Debug|Any CPU.Build.0 = Debug|Any CPU
		{487B4572-5060-434D-B675-1200DB6686EC}.Debug|Any CPU.Deploy.0 = Debug|Any CPU
		{487B4572-5060-434D-B675-1200DB6686EC}.Debug|ARM.ActiveCfg = Debug|ARM
		{487B4572-5060-434D-B675-1200DB6686EC}.Debug|ARM.Build.0 = Debug|ARM
		{487B4572-5060-434D-B675-1200DB6686EC}.Debug|ARM.Deploy.0 = Debug|ARM
		{487B4572-5060-434D-B675-1200DB6686EC}.Debug|x64.ActiveCfg = Debug|Any CPU
		{487B4572-5060-434D-B675-1200DB6686EC}.Debug|x64.Build.0 = Debug|Any CPU
		{487B4572-5060-434D-B675-1200DB6686EC}.Debug|x64.Deploy.0 = Debug|Any CPU
		{487B4572-5060-434D-B675-1200DB6686EC}.Debug|x86.ActiveCfg = Debug|x86
		{487B4572-5060-434D-B675-1200DB6686EC}.Debug|x86.Build.0 = Debug|x86
		{487B4572-5060-434D-B675-1200DB6686EC}.Debug|x86.Deploy.0 = Debug|x86
		{487B4572-5060-434D-B675-1200DB6686EC}.Release|Any CPU.ActiveCfg = Release|Any CPU
		{487B4572-5060-434D-B675-1200DB6686EC}.Release|Any CPU.Build.0 = Release|Any CPU
		{487B4572-5060-434D-B675-1200DB6686EC}.Release|Any CPU.Deploy.0 = Release|Any CPU
		{487B4572-5060-434D-B675-1200DB6686EC}.Release|ARM.ActiveCfg = Release|ARM
		{487B4572-5060-434D-B675-1200DB6686EC}.Release|ARM.Build.0 = Release|ARM
		{487B4572-5060-434D-B675-1200DB6686EC}.Release|ARM.Deploy.0 = Release|ARM
		{487B4572-5060-434D-B675-1200DB6686EC}.Release|x64.ActiveCfg = Release|Any CPU
		{487B4572-5060-434D-B675-1200DB6686EC}.Release|x64.Build.0 = Release|Any CPU
		{487B4572-5060-434D-B675-1200DB6686EC}.Release|x64.Deploy.0 = Release|Any CPU
		{487B4572-5060-434D-B675-1200DB6686EC}.Release|x86.ActiveCfg = Release|x86
		{487B4572-5060-434D-B675-1200DB6686EC}.Release|x86.Build.0 = Release|x86
		{487B4572-5060-434D-B675-1200DB6686EC}.Release|x86.Deploy.0 = Release|x86
		{25ACAB6D-39C5-4251-A3A9-3EC15C83954C}.Debug|Any CPU.ActiveCfg = Debug|Any CPU
		{25ACAB6D-39C5-4251-A3A9-3EC15C83954C}.Debug|Any CPU.Build.0 = Debug|Any CPU
		{25ACAB6D-39C5-4251-A3A9-3EC15C83954C}.Debug|ARM.ActiveCfg = Debug|Any CPU
		{25ACAB6D-39C5-4251-A3A9-3EC15C83954C}.Debug|x64.ActiveCfg = Debug|Any CPU
		{25ACAB6D-39C5-4251-A3A9-3EC15C83954C}.Debug|x86.ActiveCfg = Debug|Any CPU
		{25ACAB6D-39C5-4251-A3A9-3EC15C83954C}.Release|Any CPU.ActiveCfg = Release|Any CPU
		{25ACAB6D-39C5-4251-A3A9-3EC15C83954C}.Release|Any CPU.Build.0 = Release|Any CPU
		{25ACAB6D-39C5-4251-A3A9-3EC15C83954C}.Release|ARM.ActiveCfg = Release|Any CPU
		{25ACAB6D-39C5-4251-A3A9-3EC15C83954C}.Release|x64.ActiveCfg = Release|Any CPU
		{25ACAB6D-39C5-4251-A3A9-3EC15C83954C}.Release|x86.ActiveCfg = Release|Any CPU
		{152EEC02-C87F-4FF2-A9D2-260297E31496}.Debug|Any CPU.ActiveCfg = Debug|Any CPU
		{152EEC02-C87F-4FF2-A9D2-260297E31496}.Debug|Any CPU.Build.0 = Debug|Any CPU
		{152EEC02-C87F-4FF2-A9D2-260297E31496}.Debug|ARM.ActiveCfg = Debug|Any CPU
		{152EEC02-C87F-4FF2-A9D2-260297E31496}.Debug|x64.ActiveCfg = Debug|Any CPU
		{152EEC02-C87F-4FF2-A9D2-260297E31496}.Debug|x86.ActiveCfg = Debug|Any CPU
		{152EEC02-C87F-4FF2-A9D2-260297E31496}.Release|Any CPU.ActiveCfg = Release|Any CPU
		{152EEC02-C87F-4FF2-A9D2-260297E31496}.Release|Any CPU.Build.0 = Release|Any CPU
		{152EEC02-C87F-4FF2-A9D2-260297E31496}.Release|ARM.ActiveCfg = Release|Any CPU
		{152EEC02-C87F-4FF2-A9D2-260297E31496}.Release|x64.ActiveCfg = Release|Any CPU
		{152EEC02-C87F-4FF2-A9D2-260297E31496}.Release|x86.ActiveCfg = Release|Any CPU
		{2BB646A2-4989-4E70-9E09-3B1F42B380E3}.Debug|Any CPU.ActiveCfg = Debug|Any CPU
		{2BB646A2-4989-4E70-9E09-3B1F42B380E3}.Debug|Any CPU.Build.0 = Debug|Any CPU
		{2BB646A2-4989-4E70-9E09-3B1F42B380E3}.Debug|ARM.ActiveCfg = Debug|Any CPU
		{2BB646A2-4989-4E70-9E09-3B1F42B380E3}.Debug|x64.ActiveCfg = Debug|Any CPU
		{2BB646A2-4989-4E70-9E09-3B1F42B380E3}.Debug|x86.ActiveCfg = Debug|Any CPU
		{2BB646A2-4989-4E70-9E09-3B1F42B380E3}.Release|Any CPU.ActiveCfg = Release|Any CPU
		{2BB646A2-4989-4E70-9E09-3B1F42B380E3}.Release|Any CPU.Build.0 = Release|Any CPU
		{2BB646A2-4989-4E70-9E09-3B1F42B380E3}.Release|ARM.ActiveCfg = Release|Any CPU
		{2BB646A2-4989-4E70-9E09-3B1F42B380E3}.Release|x64.ActiveCfg = Release|Any CPU
		{2BB646A2-4989-4E70-9E09-3B1F42B380E3}.Release|x86.ActiveCfg = Release|Any CPU
		{A7F16851-7242-40AA-919B-F0782B5F17FF}.Debug|Any CPU.ActiveCfg = Debug|Any CPU
		{A7F16851-7242-40AA-919B-F0782B5F17FF}.Debug|Any CPU.Build.0 = Debug|Any CPU
		{A7F16851-7242-40AA-919B-F0782B5F17FF}.Debug|ARM.ActiveCfg = Debug|Any CPU
		{A7F16851-7242-40AA-919B-F0782B5F17FF}.Debug|x64.ActiveCfg = Debug|Any CPU
		{A7F16851-7242-40AA-919B-F0782B5F17FF}.Debug|x86.ActiveCfg = Debug|Any CPU
		{A7F16851-7242-40AA-919B-F0782B5F17FF}.Release|Any CPU.ActiveCfg = Release|Any CPU
		{A7F16851-7242-40AA-919B-F0782B5F17FF}.Release|Any CPU.Build.0 = Release|Any CPU
		{A7F16851-7242-40AA-919B-F0782B5F17FF}.Release|ARM.ActiveCfg = Release|Any CPU
		{A7F16851-7242-40AA-919B-F0782B5F17FF}.Release|x64.ActiveCfg = Release|Any CPU
		{A7F16851-7242-40AA-919B-F0782B5F17FF}.Release|x86.ActiveCfg = Release|Any CPU
	EndGlobalSection
	GlobalSection(SolutionProperties) = preSolution
		HideSolutionNode = FALSE
	EndGlobalSection
	GlobalSection(NestedProjects) = preSolution
		{FB5FAB71-7D22-4BBB-8EF6-68D71653DA4E} = {D217CA0A-F26E-4FA2-A4ED-79DDE7EA187E}
		{ECF0C453-5632-4E02-9F37-A21663EEAA07} = {16610D41-9B60-4142-A05B-6195D07ADE2A}
		{487B4572-5060-434D-B675-1200DB6686EC} = {16610D41-9B60-4142-A05B-6195D07ADE2A}
		{25ACAB6D-39C5-4251-A3A9-3EC15C83954C} = {D217CA0A-F26E-4FA2-A4ED-79DDE7EA187E}
		{152EEC02-C87F-4FF2-A9D2-260297E31496} = {D217CA0A-F26E-4FA2-A4ED-79DDE7EA187E}
		{2BB646A2-4989-4E70-9E09-3B1F42B380E3} = {D217CA0A-F26E-4FA2-A4ED-79DDE7EA187E}
		{A7F16851-7242-40AA-919B-F0782B5F17FF} = {D217CA0A-F26E-4FA2-A4ED-79DDE7EA187E}
	EndGlobalSection
EndGlobal
